
Microsoft Visual Studio Solution File, Format Version 12.00
# Visual Studio 2012
Project("{FAE04EC0-301F-11D3-BF4B-00C04F79EFBC}") = "Kesin_Step_Server1.1", "Kesin_Step_Server1.1\Kesin_Step_Server1.1.csproj", "{3FCABE1E-8D73-44E0-B2EC-D6CF34C81485}"
EndProject
Global
	GlobalSection(SolutionConfigurationPlatforms) = preSolution
		Debug|Any CPU = Debug|Any CPU
		Release|Any CPU = Release|Any CPU
	EndGlobalSection
	GlobalSection(ProjectConfigurationPlatforms) = postSolution
		{3FCABE1E-8D73-44E0-B2EC-D6CF34C81485}.Debug|Any CPU.ActiveCfg = Debug|Any CPU
		{3FCABE1E-8D73-44E0-B2EC-D6CF34C81485}.Debug|Any CPU.Build.0 = Debug|Any CPU
		{3FCABE1E-8D73-44E0-B2EC-D6CF34C81485}.Release|Any CPU.ActiveCfg = Release|Any CPU
		{3FCABE1E-8D73-44E0-B2EC-D6CF34C81485}.Release|Any CPU.Build.0 = Release|Any CPU
	EndGlobalSection
	GlobalSection(SolutionProperties) = preSolution
		HideSolutionNode = FALSE
	EndGlobalSection
EndGlobal
